[[package]]
name = "atomicwrites"
version = "1.4.0"
description = "Atomic file writes."
category = "main"
optional = false
python-versions = ">=2.7, !=3.0.*, !=3.1.*, !=3.2.*, !=3.3.*"

[[package]]
name = "attrs"
version = "21.2.0"
description = "Classes Without Boilerplate"
category = "main"
optional = false
python-versions = ">=2.7, !=3.0.*, !=3.1.*, !=3.2.*, !=3.3.*, !=3.4.*"

[package.extras]
dev = ["coverage[toml] (>=5.0.2)", "hypothesis", "pympler", "pytest (>=4.3.0)", "six", "mypy", "pytest-mypy-plugins", "zope.interface", "furo", "sphinx", "sphinx-notfound-page", "pre-commit"]
docs = ["furo", "sphinx", "zope.interface", "sphinx-notfound-page"]
tests = ["coverage[toml] (>=5.0.2)", "hypothesis", "pympler", "pytest (>=4.3.0)", "six", "mypy", "pytest-mypy-plugins", "zope.interface"]
tests_no_zope = ["coverage[toml] (>=5.0.2)", "hypothesis", "pympler", "pytest (>=4.3.0)", "six", "mypy", "pytest-mypy-plugins"]

[[package]]
name = "colorama"
version = "0.4.4"
description = "Cross-platform colored terminal text."
category = "main"
optional = false
python-versions = ">=2.7, !=3.0.*, !=3.1.*, !=3.2.*, !=3.3.*, !=3.4.*"

[[package]]
name = "cycler"
version = "0.10.0"
description = "Composable style cycles"
category = "main"
optional = false
python-versions = "*"

[package.dependencies]
six = "*"

[[package]]
name = "derivative"
version = "0.3.1"
description = "Numerical differentiation in python."
category = "main"
optional = false
python-versions = ">=3.6,<4.0"

[package.dependencies]
numpy = ">=1.18.3,<2.0.0"
pytest = ">=5.4.3,<6.0.0"
scipy = ">=1.4.1,<2.0.0"
sklearn = ">=0.0,<0.1"

[package.extras]
docs = ["sphinx (>=3.0.2,<4.0.0)", "nbsphinx (>=0.6.1,<0.7.0)", "ipykernel (>=5.2.1,<6.0.0)", "jupyter_client (>=6.1.3,<7.0.0)", "sphinx_rtd_theme (>=0.4.3,<0.5.0)", "matplotlib (>=3.2.1,<4.0.0)"]

[[package]]
name = "joblib"
version = "1.0.1"
description = "Lightweight pipelining with Python functions"
category = "main"
optional = false
python-versions = ">=3.6"

[[package]]
name = "kiwisolver"
version = "1.3.2"
description = "A fast implementation of the Cassowary constraint solver"
category = "main"
optional = false
python-versions = ">=3.7"

[[package]]
name = "matplotlib"
version = "3.1.2"
description = "Python plotting package"
category = "main"
optional = false
python-versions = ">=3.6"

[package.dependencies]
cycler = ">=0.10"
kiwisolver = ">=1.0.1"
numpy = ">=1.11"
pyparsing = ">=2.0.1,<2.0.4 || >2.0.4,<2.1.2 || >2.1.2,<2.1.6 || >2.1.6"
python-dateutil = ">=2.1"

[[package]]
name = "more-itertools"
version = "8.8.0"
description = "More routines for operating on iterables, beyond itertools"
category = "main"
optional = false
python-versions = ">=3.5"

[[package]]
name = "numpy"
version = "1.19.1"
description = "NumPy is the fundamental package for array computing with Python."
category = "main"
optional = false
python-versions = ">=3.6"

[[package]]
name = "packaging"
version = "21.0"
description = "Core utilities for Python packages"
category = "main"
optional = false
python-versions = ">=3.6"

[package.dependencies]
pyparsing = ">=2.0.2"

[[package]]
name = "pandas"
version = "1.2.2"
description = "Powerful data structures for data analysis, time series, and statistics"
category = "main"
optional = false
python-versions = ">=3.7.1"

[package.dependencies]
numpy = ">=1.16.5"
python-dateutil = ">=2.7.3"
pytz = ">=2017.3"

[package.extras]
test = ["pytest (>=5.0.1)", "pytest-xdist", "hypothesis (>=3.58)"]

[[package]]
name = "pluggy"
version = "0.13.1"
description = "plugin and hook calling mechanisms for python"
category = "main"
optional = false
python-versions = ">=2.7, !=3.0.*, !=3.1.*, !=3.2.*, !=3.3.*"

[package.extras]
dev = ["pre-commit", "tox"]

[[package]]
name = "py"
version = "1.10.0"
description = "library with cross-python path, ini-parsing, io, code, log facilities"
category = "main"
optional = false
python-versions = ">=2.7, !=3.0.*, !=3.1.*, !=3.2.*, !=3.3.*"

[[package]]
name = "pyparsing"
version = "2.4.7"
description = "Python parsing module"
category = "main"
optional = false
python-versions = ">=2.6, !=3.0.*, !=3.1.*, !=3.2.*"

[[package]]
name = "pytest"
version = "5.4.3"
description = "pytest: simple powerful testing with Python"
category = "main"
optional = false
python-versions = ">=3.5"

[package.dependencies]
atomicwrites = {version = ">=1.0", markers = "sys_platform == \"win32\""}
attrs = ">=17.4.0"
colorama = {version = "*", markers = "sys_platform == \"win32\""}
more-itertools = ">=4.0.0"
packaging = "*"
pluggy = ">=0.12,<1.0"
py = ">=1.5.0"
wcwidth = "*"

[package.extras]
checkqa-mypy = ["mypy (==v0.761)"]
testing = ["argcomplete", "hypothesis (>=3.56)", "mock", "nose", "requests", "xmlschema"]

[[package]]
name = "python-dateutil"
version = "2.8.2"
description = "Extensions to the standard Python datetime module"
category = "main"
optional = false
python-versions = "!=3.0.*,!=3.1.*,!=3.2.*,>=2.7"

[package.dependencies]
six = ">=1.5"

[[package]]
name = "pytz"
version = "2021.1"
description = "World timezone definitions, modern and historical"
category = "main"
optional = false
python-versions = "*"

[[package]]
name = "scikit-learn"
version = "0.24.2"
description = "A set of python modules for machine learning and data mining"
category = "main"
optional = false
python-versions = ">=3.6"

[package.dependencies]
joblib = ">=0.11"
numpy = ">=1.13.3"
scipy = ">=0.19.1"
threadpoolctl = ">=2.0.0"

[package.extras]
benchmark = ["matplotlib (>=2.1.1)", "pandas (>=0.25.0)", "memory-profiler (>=0.57.0)"]
docs = ["matplotlib (>=2.1.1)", "scikit-image (>=0.13)", "pandas (>=0.25.0)", "seaborn (>=0.9.0)", "memory-profiler (>=0.57.0)", "sphinx (>=3.2.0)", "sphinx-gallery (>=0.7.0)", "numpydoc (>=1.0.0)", "Pillow (>=7.1.2)", "sphinx-prompt (>=1.3.0)"]
examples = ["matplotlib (>=2.1.1)", "scikit-image (>=0.13)", "pandas (>=0.25.0)", "seaborn (>=0.9.0)"]
tests = ["matplotlib (>=2.1.1)", "scikit-image (>=0.13)", "pandas (>=0.25.0)", "pytest (>=5.0.1)", "pytest-cov (>=2.9.0)", "flake8 (>=3.8.2)", "mypy (>=0.770)", "pyamg (>=4.0.0)"]

[[package]]
name = "scipy"
version = "1.6.3"
description = "SciPy: Scientific Library for Python"
category = "main"
optional = false
python-versions = ">=3.7,<3.10"

[package.dependencies]
numpy = ">=1.16.5,<1.23.0"

[[package]]
name = "six"
version = "1.16.0"
description = "Python 2 and 3 compatibility utilities"
category = "main"
optional = false
python-versions = ">=2.7, !=3.0.*, !=3.1.*, !=3.2.*"

[[package]]
name = "sklearn"
version = "0.0"
description = "A set of python modules for machine learning and data mining"
category = "main"
optional = false
python-versions = "*"

[package.dependencies]
scikit-learn = "*"

[[package]]
name = "threadpoolctl"
version = "2.2.0"
description = "threadpoolctl"
category = "main"
optional = false
python-versions = ">=3.6"

[[package]]
name = "wcwidth"
version = "0.2.5"
description = "Measures the displayed width of unicode strings in a terminal"
category = "main"
optional = false
python-versions = "*"

[metadata]
lock-version = "1.1"
python-versions = ">=3.8,<3.10"
content-hash = "58685449b0ef48037952bcc070c54865a7219bdeec71ae2b3667977eaf083227"

[metadata.files]
atomicwrites = [
    {file = "atomicwrites-1.4.0-py2.py3-none-any.whl", hash = "sha256:6d1784dea7c0c8d4a5172b6c620f40b6e4cbfdf96d783691f2e1302a7b88e197"},
    {file = "atomicwrites-1.4.0.tar.gz", hash = "sha256:ae70396ad1a434f9c7046fd2dd196fc04b12f9e91ffb859164193be8b6168a7a"},
]
attrs = [
    {file = "attrs-21.2.0-py2.py3-none-any.whl", hash = "sha256:149e90d6d8ac20db7a955ad60cf0e6881a3f20d37096140088356da6c716b0b1"},
    {file = "attrs-21.2.0.tar.gz", hash = "sha256:ef6aaac3ca6cd92904cdd0d83f629a15f18053ec84e6432106f7a4d04ae4f5fb"},
]
colorama = [
    {file = "colorama-0.4.4-py2.py3-none-any.whl", hash = "sha256:9f47eda37229f68eee03b24b9748937c7dc3868f906e8ba69fbcbdd3bc5dc3e2"},
    {file = "colorama-0.4.4.tar.gz", hash = "sha256:5941b2b48a20143d2267e95b1c2a7603ce057ee39fd88e7329b0c292aa16869b"},
]
cycler = [
    {file = "cycler-0.10.0-py2.py3-none-any.whl", hash = "sha256:1d8a5ae1ff6c5cf9b93e8811e581232ad8920aeec647c37316ceac982b08cb2d"},
    {file = "cycler-0.10.0.tar.gz", hash = "sha256:cd7b2d1018258d7247a71425e9f26463dfb444d411c39569972f4ce586b0c9d8"},
]
derivative = [
    {file = "derivative-0.3.1-py3-none-any.whl", hash = "sha256:aa8746039b275b1e796633647b3a3c5ee37f170356f885363914b7f63acb2ab2"},
    {file = "derivative-0.3.1.tar.gz", hash = "sha256:2cbb155e6dbf593c026267da56162719644c0279459502e843f01c4d1d884802"},
]
joblib = [
    {file = "joblib-1.0.1-py3-none-any.whl", hash = "sha256:feeb1ec69c4d45129954f1b7034954241eedfd6ba39b5e9e4b6883be3332d5e5"},
    {file = "joblib-1.0.1.tar.gz", hash = "sha256:9c17567692206d2f3fb9ecf5e991084254fe631665c450b443761c4186a613f7"},
]
kiwisolver = [
    {file = "kiwisolver-1.3.2-cp310-cp310-macosx_10_9_universal2.whl", hash = "sha256:1d819553730d3c2724582124aee8a03c846ec4362ded1034c16fb3ef309264e6"},
    {file = "kiwisolver-1.3.2-cp310-cp310-macosx_10_9_x86_64.whl", hash = "sha256:8d93a1095f83e908fc253f2fb569c2711414c0bfd451cab580466465b235b470"},
    {file = "kiwisolver-1.3.2-cp310-cp310-macosx_11_0_arm64.whl", hash = "sha256:c4550a359c5157aaf8507e6820d98682872b9100ce7607f8aa070b4b8af6c298"},
    {file = "kiwisolver-1.3.2-cp310-cp310-manylinux_2_12_i686.manylinux2010_i686.whl", hash = "sha256:2210f28778c7d2ee13f3c2a20a3a22db889e75f4ec13a21072eabb5693801e84"},
    {file = "kiwisolver-1.3.2-cp310-cp310-manylinux_2_12_x86_64.manylinux2010_x86_64.whl", hash = "sha256:82f49c5a79d3839bc8f38cb5f4bfc87e15f04cbafa5fbd12fb32c941cb529cfb"},
    {file = "kiwisolver-1.3.2-cp310-cp310-manylinux_2_17_aarch64.manylinux2014_aarch64.whl", hash = "sha256:9661a04ca3c950a8ac8c47f53cbc0b530bce1b52f516a1e87b7736fec24bfff0"},
    {file = "kiwisolver-1.3.2-cp310-cp310-manylinux_2_17_ppc64le.manylinux2014_ppc64le.whl", hash = "sha256:2ddb500a2808c100e72c075cbb00bf32e62763c82b6a882d403f01a119e3f402"},
    {file = "kiwisolver-1.3.2-cp310-cp310-manylinux_2_17_s390x.manylinux2014_s390x.whl", hash = "sha256:72be6ebb4e92520b9726d7146bc9c9b277513a57a38efcf66db0620aec0097e0"},
    {file = "kiwisolver-1.3.2-cp310-cp310-win32.whl", hash = "sha256:83d2c9db5dfc537d0171e32de160461230eb14663299b7e6d18ca6dca21e4977"},
    {file = "kiwisolver-1.3.2-cp310-cp310-win_amd64.whl", hash = "sha256:cba430db673c29376135e695c6e2501c44c256a81495da849e85d1793ee975ad"},
    {file = "kiwisolver-1.3.2-cp37-cp37m-macosx_10_9_x86_64.whl", hash = "sha256:4116ba9a58109ed5e4cb315bdcbff9838f3159d099ba5259c7c7fb77f8537492"},
    {file = "kiwisolver-1.3.2-cp37-cp37m-manylinux_2_17_aarch64.manylinux2014_aarch64.whl", hash = "sha256:19554bd8d54cf41139f376753af1a644b63c9ca93f8f72009d50a2080f870f77"},
    {file = "kiwisolver-1.3.2-cp37-cp37m-manylinux_2_17_ppc64le.manylinux2014_ppc64le.whl", hash = "sha256:a7a4cf5bbdc861987a7745aed7a536c6405256853c94abc9f3287c3fa401b174"},
    {file = "kiwisolver-1.3.2-cp37-cp37m-manylinux_2_17_s390x.manylinux2014_s390x.whl", hash = "sha256:0007840186bacfaa0aba4466d5890334ea5938e0bb7e28078a0eb0e63b5b59d5"},
    {file = "kiwisolver-1.3.2-cp37-cp37m-manylinux_2_5_i686.manylinux1_i686.whl", hash = "sha256:ec2eba188c1906b05b9b49ae55aae4efd8150c61ba450e6721f64620c50b59eb"},
    {file = "kiwisolver-1.3.2-cp37-cp37m-manylinux_2_5_x86_64.manylinux1_x86_64.whl", hash = "sha256:3dbb3cea20b4af4f49f84cffaf45dd5f88e8594d18568e0225e6ad9dec0e7967"},
    {file = "kiwisolver-1.3.2-cp37-cp37m-win32.whl", hash = "sha256:5326ddfacbe51abf9469fe668944bc2e399181a2158cb5d45e1d40856b2a0589"},
    {file = "kiwisolver-1.3.2-cp37-cp37m-win_amd64.whl", hash = "sha256:c6572c2dab23c86a14e82c245473d45b4c515314f1f859e92608dcafbd2f19b8"},
    {file = "kiwisolver-1.3.2-cp38-cp38-macosx_10_9_universal2.whl", hash = "sha256:b5074fb09429f2b7bc82b6fb4be8645dcbac14e592128beeff5461dcde0af09f"},
    {file = "kiwisolver-1.3.2-cp38-cp38-macosx_10_9_x86_64.whl", hash = "sha256:22521219ca739654a296eea6d4367703558fba16f98688bd8ce65abff36eaa84"},
    {file = "kiwisolver-1.3.2-cp38-cp38-macosx_11_0_arm64.whl", hash = "sha256:c358721aebd40c243894298f685a19eb0491a5c3e0b923b9f887ef1193ddf829"},
    {file = "kiwisolver-1.3.2-cp38-cp38-manylinux_2_17_aarch64.manylinux2014_aarch64.whl", hash = "sha256:7ba5a1041480c6e0a8b11a9544d53562abc2d19220bfa14133e0cdd9967e97af"},
    {file = "kiwisolver-1.3.2-cp38-cp38-manylinux_2_17_ppc64le.manylinux2014_ppc64le.whl", hash = "sha256:44e6adf67577dbdfa2d9f06db9fbc5639afefdb5bf2b4dfec25c3a7fbc619536"},
    {file = "kiwisolver-1.3.2-cp38-cp38-manylinux_2_17_s390x.manylinux2014_s390x.whl", hash = "sha256:1d45d1c74f88b9f41062716c727f78f2a59a5476ecbe74956fafb423c5c87a76"},
    {file = "kiwisolver-1.3.2-cp38-cp38-manylinux_2_5_i686.manylinux1_i686.whl", hash = "sha256:70adc3658138bc77a36ce769f5f183169bc0a2906a4f61f09673f7181255ac9b"},
    {file = "kiwisolver-1.3.2-cp38-cp38-manylinux_2_5_x86_64.manylinux1_x86_64.whl", hash = "sha256:b6a5431940f28b6de123de42f0eb47b84a073ee3c3345dc109ad550a3307dd28"},
    {file = "kiwisolver-1.3.2-cp38-cp38-win32.whl", hash = "sha256:ee040a7de8d295dbd261ef2d6d3192f13e2b08ec4a954de34a6fb8ff6422e24c"},
    {file = "kiwisolver-1.3.2-cp38-cp38-win_amd64.whl", hash = "sha256:8dc3d842fa41a33fe83d9f5c66c0cc1f28756530cd89944b63b072281e852031"},
    {file = "kiwisolver-1.3.2-cp39-cp39-macosx_10_9_universal2.whl", hash = "sha256:a498bcd005e8a3fedd0022bb30ee0ad92728154a8798b703f394484452550507"},
    {file = "kiwisolver-1.3.2-cp39-cp39-macosx_10_9_x86_64.whl", hash = "sha256:80efd202108c3a4150e042b269f7c78643420cc232a0a771743bb96b742f838f"},
    {file = "kiwisolver-1.3.2-cp39-cp39-macosx_11_0_arm64.whl", hash = "sha256:f8eb7b6716f5b50e9c06207a14172cf2de201e41912ebe732846c02c830455b9"},
    {file = "kiwisolver-1.3.2-cp39-cp39-manylinux_2_12_i686.manylinux2010_i686.whl", hash = "sha256:f441422bb313ab25de7b3dbfd388e790eceb76ce01a18199ec4944b369017009"},
    {file = "kiwisolver-1.3.2-cp39-cp39-manylinux_2_12_x86_64.manylinux2010_x86_64.whl", hash = "sha256:30fa008c172355c7768159983a7270cb23838c4d7db73d6c0f6b60dde0d432c6"},
    {file = "kiwisolver-1.3.2-cp39-cp39-manylinux_2_17_aarch64.manylinux2014_aarch64.whl", hash = "sha256:2f8f6c8f4f1cff93ca5058d6ec5f0efda922ecb3f4c5fb76181f327decff98b8"},
    {file = "kiwisolver-1.3.2-cp39-cp39-manylinux_2_17_ppc64le.manylinux2014_ppc64le.whl", hash = "sha256:ba677bcaff9429fd1bf01648ad0901cea56c0d068df383d5f5856d88221fe75b"},
    {file = "kiwisolver-1.3.2-cp39-cp39-manylinux_2_17_s390x.manylinux2014_s390x.whl", hash = "sha256:7843b1624d6ccca403a610d1277f7c28ad184c5aa88a1750c1a999754e65b439"},
    {file = "kiwisolver-1.3.2-cp39-cp39-win32.whl", hash = "sha256:e6f5eb2f53fac7d408a45fbcdeda7224b1cfff64919d0f95473420a931347ae9"},
    {file = "kiwisolver-1.3.2-cp39-cp39-win_amd64.whl", hash = "sha256:eedd3b59190885d1ebdf6c5e0ca56828beb1949b4dfe6e5d0256a461429ac386"},
    {file = "kiwisolver-1.3.2-pp37-pypy37_pp73-macosx_10_9_x86_64.whl", hash = "sha256:dedc71c8eb9c5096037766390172c34fb86ef048b8e8958b4e484b9e505d66bc"},
    {file = "kiwisolver-1.3.2-pp37-pypy37_pp73-manylinux_2_12_i686.manylinux2010_i686.whl", hash = "sha256:bf7eb45d14fc036514c09554bf983f2a72323254912ed0c3c8e697b62c4c158f"},
    {file = "kiwisolver-1.3.2-pp37-pypy37_pp73-manylinux_2_12_x86_64.manylinux2010_x86_64.whl", hash = "sha256:2b65bd35f3e06a47b5c30ea99e0c2b88f72c6476eedaf8cfbc8e66adb5479dcf"},
    {file = "kiwisolver-1.3.2-pp37-pypy37_pp73-manylinux_2_17_aarch64.manylinux2014_aarch64.whl", hash = "sha256:25405f88a37c5f5bcba01c6e350086d65e7465fd1caaf986333d2a045045a223"},
    {file = "kiwisolver-1.3.2-pp37-pypy37_pp73-win_amd64.whl", hash = "sha256:bcadb05c3d4794eb9eee1dddf1c24215c92fb7b55a80beae7a60530a91060560"},
    {file = "kiwisolver-1.3.2.tar.gz", hash = "sha256:fc4453705b81d03568d5b808ad8f09c77c47534f6ac2e72e733f9ca4714aa75c"},
]
matplotlib = [
    {file = "matplotlib-3.1.2-cp36-cp36m-macosx_10_9_x86_64.whl", hash = "sha256:98c2ffeab8b79a4e3a0af5dd9939f92980eb6e3fec10f7f313df5f35a84dacab"},
    {file = "matplotlib-3.1.2-cp36-cp36m-manylinux1_x86_64.whl", hash = "sha256:2d6ab54015a7c0d727c33e36f85f5c5e4172059efdd067f7527f6e5d16ad01aa"},
    {file = "matplotlib-3.1.2-cp36-cp36m-win32.whl", hash = "sha256:819d4860315468b482f38f1afe45a5437f60f03eaede495d5ff89f2eeac89500"},
    {file = "matplotlib-3.1.2-cp36-cp36m-win_amd64.whl", hash = "sha256:08ccc8922eb4792b91c652d3e6d46b1c99073f1284d1b6705155643e8046463a"},
    {file = "matplotlib-3.1.2-cp37-cp37m-macosx_10_9_x86_64.whl", hash = "sha256:1f9e885bfa1b148d16f82a6672d043ecf11197f6c71ae222d0546db706e52eb2"},
    {file = "matplotlib-3.1.2-cp37-cp37m-manylinux1_x86_64.whl", hash = "sha256:8cc0e44905c2c8fda5637cad6f311eb9517017515a034247ab93d0cf99f8bb7a"},
    {file = "matplotlib-3.1.2-cp37-cp37m-win32.whl", hash = "sha256:161dcd807c0c3232f4dcd4a12a382d52004a498174cbfafd40646106c5bcdcc8"},
    {file = "matplotlib-3.1.2-cp37-cp37m-win_amd64.whl", hash = "sha256:ee59b7bb9eb75932fe3787e54e61c99b628155b0cedc907864f24723ba55b309"},
    {file = "matplotlib-3.1.2-cp38-cp38-macosx_10_9_x86_64.whl", hash = "sha256:5d2e408a2813abf664bd79431107543ecb449136912eb55bb312317edecf597e"},
    {file = "matplotlib-3.1.2-cp38-cp38-manylinux1_x86_64.whl", hash = "sha256:d59bb0e82002ac49f4152963f8a1079e66794a4f454457fd2f0dcc7bf0797d30"},
    {file = "matplotlib-3.1.2-cp38-cp38-win32.whl", hash = "sha256:61c8b740a008218eb604de518eb411c4953db0cb725dd0b32adf8a81771cab9e"},
    {file = "matplotlib-3.1.2-cp38-cp38-win_amd64.whl", hash = "sha256:80f10af8378fccc136da40ea6aa4a920767476cdfb3241acb93ef4f0465dbf57"},
    {file = "matplotlib-3.1.2.tar.gz", hash = "sha256:8e8e2c2fe3d873108735c6ee9884e6f36f467df4a143136209cff303b183bada"},
]
more-itertools = [
    {file = "more-itertools-8.8.0.tar.gz", hash = "sha256:83f0308e05477c68f56ea3a888172c78ed5d5b3c282addb67508e7ba6c8f813a"},
    {file = "more_itertools-8.8.0-py3-none-any.whl", hash = "sha256:2cf89ec599962f2ddc4d568a05defc40e0a587fbc10d5989713638864c36be4d"},
]
numpy = [
    {file = "numpy-1.19.1-cp36-cp36m-macosx_10_9_x86_64.whl", hash = "sha256:b1cca51512299841bf69add3b75361779962f9cee7d9ee3bb446d5982e925b69"},
    {file = "numpy-1.19.1-cp36-cp36m-manylinux1_i686.whl", hash = "sha256:c9591886fc9cbe5532d5df85cb8e0cc3b44ba8ce4367bd4cf1b93dc19713da72"},
    {file = "numpy-1.19.1-cp36-cp36m-manylinux1_x86_64.whl", hash = "sha256:cf1347450c0b7644ea142712619533553f02ef23f92f781312f6a3553d031fc7"},
    {file = "numpy-1.19.1-cp36-cp36m-manylinux2010_i686.whl", hash = "sha256:ed8a311493cf5480a2ebc597d1e177231984c818a86875126cfd004241a73c3e"},
    {file = "numpy-1.19.1-cp36-cp36m-manylinux2010_x86_64.whl", hash = "sha256:3673c8b2b29077f1b7b3a848794f8e11f401ba0b71c49fbd26fb40b71788b132"},
    {file = "numpy-1.19.1-cp36-cp36m-manylinux2014_aarch64.whl", hash = "sha256:56ef7f56470c24bb67fb43dae442e946a6ce172f97c69f8d067ff8550cf782ff"},
    {file = "numpy-1.19.1-cp36-cp36m-win32.whl", hash = "sha256:aaf42a04b472d12515debc621c31cf16c215e332242e7a9f56403d814c744624"},
    {file = "numpy-1.19.1-cp36-cp36m-win_amd64.whl", hash = "sha256:082f8d4dd69b6b688f64f509b91d482362124986d98dc7dc5f5e9f9b9c3bb983"},
    {file = "numpy-1.19.1-cp37-cp37m-macosx_10_9_x86_64.whl", hash = "sha256:e4f6d3c53911a9d103d8ec9518190e52a8b945bab021745af4939cfc7c0d4a9e"},
    {file = "numpy-1.19.1-cp37-cp37m-manylinux1_i686.whl", hash = "sha256:5b6885c12784a27e957294b60f97e8b5b4174c7504665333c5e94fbf41ae5d6a"},
    {file = "numpy-1.19.1-cp37-cp37m-manylinux1_x86_64.whl", hash = "sha256:1bc0145999e8cb8aed9d4e65dd8b139adf1919e521177f198529687dbf613065"},
    {file = "numpy-1.19.1-cp37-cp37m-manylinux2010_i686.whl", hash = "sha256:5a936fd51049541d86ccdeef2833cc89a18e4d3808fe58a8abeb802665c5af93"},
    {file = "numpy-1.19.1-cp37-cp37m-manylinux2010_x86_64.whl", hash = "sha256:ef71a1d4fd4858596ae80ad1ec76404ad29701f8ca7cdcebc50300178db14dfc"},
    {file = "numpy-1.19.1-cp37-cp37m-manylinux2014_aarch64.whl", hash = "sha256:b9792b0ac0130b277536ab8944e7b754c69560dac0415dd4b2dbd16b902c8954"},
    {file = "numpy-1.19.1-cp37-cp37m-win32.whl", hash = "sha256:b12e639378c741add21fbffd16ba5ad25c0a1a17cf2b6fe4288feeb65144f35b"},
    {file = "numpy-1.19.1-cp37-cp37m-win_amd64.whl", hash = "sha256:8343bf67c72e09cfabfab55ad4a43ce3f6bf6e6ced7acf70f45ded9ebb425055"},
    {file = "numpy-1.19.1-cp38-cp38-macosx_10_9_x86_64.whl", hash = "sha256:e45f8e981a0ab47103181773cc0a54e650b2aef8c7b6cd07405d0fa8d869444a"},
    {file = "numpy-1.19.1-cp38-cp38-manylinux1_i686.whl", hash = "sha256:667c07063940e934287993366ad5f56766bc009017b4a0fe91dbd07960d0aba7"},
    {file = "numpy-1.19.1-cp38-cp38-manylinux1_x86_64.whl", hash = "sha256:480fdd4dbda4dd6b638d3863da3be82873bba6d32d1fc12ea1b8486ac7b8d129"},
    {file = "numpy-1.19.1-cp38-cp38-manylinux2010_i686.whl", hash = "sha256:935c27ae2760c21cd7354402546f6be21d3d0c806fffe967f745d5f2de5005a7"},
    {file = "numpy-1.19.1-cp38-cp38-manylinux2010_x86_64.whl", hash = "sha256:309cbcfaa103fc9a33ec16d2d62569d541b79f828c382556ff072442226d1968"},
    {file = "numpy-1.19.1-cp38-cp38-manylinux2014_aarch64.whl", hash = "sha256:7ed448ff4eaffeb01094959b19cbaf998ecdee9ef9932381420d514e446601cd"},
    {file = "numpy-1.19.1-cp38-cp38-win32.whl", hash = "sha256:de8b4a9b56255797cbddb93281ed92acbc510fb7b15df3f01bd28f46ebc4edae"},
    {file = "numpy-1.19.1-cp38-cp38-win_amd64.whl", hash = "sha256:92feb989b47f83ebef246adabc7ff3b9a59ac30601c3f6819f8913458610bdcc"},
    {file = "numpy-1.19.1-pp36-pypy36_pp73-manylinux2010_x86_64.whl", hash = "sha256:e1b1dc0372f530f26a03578ac75d5e51b3868b9b76cd2facba4c9ee0eb252ab1"},
    {file = "numpy-1.19.1.zip", hash = "sha256:b8456987b637232602ceb4d663cb34106f7eb780e247d51a260b84760fd8f491"},
]
packaging = [
    {file = "packaging-21.0-py3-none-any.whl", hash = "sha256:c86254f9220d55e31cc94d69bade760f0847da8000def4dfe1c6b872fd14ff14"},
    {file = "packaging-21.0.tar.gz", hash = "sha256:7dc96269f53a4ccec5c0670940a4281106dd0bb343f47b7471f779df49c2fbe7"},
]
pandas = [
    {file = "pandas-1.2.2-cp37-cp37m-macosx_10_9_x86_64.whl", hash = "sha256:c76a108272a4de63189b8f64086bbaf8348841d7e610b52f50959fbbf401524f"},
    {file = "pandas-1.2.2-cp37-cp37m-manylinux1_i686.whl", hash = "sha256:e61a089151f1ed78682aa77a3bcae0495cf8e585546c26924857d7e8a9960568"},
    {file = "pandas-1.2.2-cp37-cp37m-manylinux1_x86_64.whl", hash = "sha256:fc351cd2df318674669481eb978a7799f24fd14ef26987a1aa75105b0531d1a1"},
    {file = "pandas-1.2.2-cp37-cp37m-win32.whl", hash = "sha256:05ca6bda50123158eb15e716789083ca4c3b874fd47688df1716daa72644ee1c"},
    {file = "pandas-1.2.2-cp37-cp37m-win_amd64.whl", hash = "sha256:08b6bbe74ae2b3e4741a744d2bce35ce0868a6b4189d8b84be26bb334f73da4c"},
    {file = "pandas-1.2.2-cp38-cp38-macosx_10_9_x86_64.whl", hash = "sha256:230de25bd9791748b2638c726a5f37d77a96a83854710110fadd068d1e2c2c9f"},
    {file = "pandas-1.2.2-cp38-cp38-manylinux1_i686.whl", hash = "sha256:a50cf3110a1914442e7b7b9cef394ef6bed0d801b8a34d56f4c4e927bbbcc7d0"},
    {file = "pandas-1.2.2-cp38-cp38-manylinux1_x86_64.whl", hash = "sha256:4d33537a375cfb2db4d388f9a929b6582a364137ea6c6b161b0166440d6ffe36"},
    {file = "pandas-1.2.2-cp38-cp38-manylinux2014_aarch64.whl", hash = "sha256:8ac028cd9a6e1efe43f3dc36f708263838283535cc45430a98b9803f44f4c84b"},
    {file = "pandas-1.2.2-cp38-cp38-win32.whl", hash = "sha256:c43d1beb098a1da15934262009a7120aac8dafa20d042b31dab48c28868eb5a4"},
    {file = "pandas-1.2.2-cp38-cp38-win_amd64.whl", hash = "sha256:69a70d79a791fa1fd5f6e84b8b6dec2ec92369bde4ab2e18d43fc8a1825f51d1"},
    {file = "pandas-1.2.2-cp39-cp39-macosx_10_9_x86_64.whl", hash = "sha256:cbad4155028b8ca66aa19a8b13f593ebbf51bfb6c3f2685fe64f04d695a81864"},
    {file = "pandas-1.2.2-cp39-cp39-manylinux1_i686.whl", hash = "sha256:fbddbb20f30308ba2546193d64e18c23b69f59d48cdef73676cbed803495c8dc"},
    {file = "pandas-1.2.2-cp39-cp39-manylinux1_x86_64.whl", hash = "sha256:214ae60b1f863844e97c87f758c29940ffad96c666257323a4bb2a33c58719c2"},
    {file = "pandas-1.2.2-cp39-cp39-manylinux2014_aarch64.whl", hash = "sha256:26b4919eb3039a686a86cd4f4a74224f8f66e3a419767da26909dcdd3b37c31e"},
    {file = "pandas-1.2.2-cp39-cp39-win32.whl", hash = "sha256:e3c250faaf9979d0ec836d25e420428db37783fa5fed218da49c9fc06f80f51c"},
    {file = "pandas-1.2.2-cp39-cp39-win_amd64.whl", hash = "sha256:e9bbcc7b5c432600797981706f5b54611990c6a86b2e424329c995eea5f9c42b"},
    {file = "pandas-1.2.2.tar.gz", hash = "sha256:14ed84b463e9b84c8ff9308a79b04bf591ae3122a376ee0f62c68a1bd917a773"},
]
pluggy = [
    {file = "pluggy-0.13.1-py2.py3-none-any.whl", hash = "sha256:966c145cd83c96502c3c3868f50408687b38434af77734af1e9ca461a4081d2d"},
    {file = "pluggy-0.13.1.tar.gz", hash = "sha256:15b2acde666561e1298d71b523007ed7364de07029219b604cf808bfa1c765b0"},
]
py = [
    {file = "py-1.10.0-py2.py3-none-any.whl", hash = "sha256:3b80836aa6d1feeaa108e046da6423ab8f6ceda6468545ae8d02d9d58d18818a"},
    {file = "py-1.10.0.tar.gz", hash = "sha256:21b81bda15b66ef5e1a777a21c4dcd9c20ad3efd0b3f817e7a809035269e1bd3"},
]
pyparsing = [
    {file = "pyparsing-2.4.7-py2.py3-none-any.whl", hash = "sha256:ef9d7589ef3c200abe66653d3f1ab1033c3c419ae9b9bdb1240a85b024efc88b"},
    {file = "pyparsing-2.4.7.tar.gz", hash = "sha256:c203ec8783bf771a155b207279b9bccb8dea02d8f0c9e5f8ead507bc3246ecc1"},
]
pytest = [
    {file = "pytest-5.4.3-py3-none-any.whl", hash = "sha256:5c0db86b698e8f170ba4582a492248919255fcd4c79b1ee64ace34301fb589a1"},
    {file = "pytest-5.4.3.tar.gz", hash = "sha256:7979331bfcba207414f5e1263b5a0f8f521d0f457318836a7355531ed1a4c7d8"},
]
python-dateutil = [
    {file = "python-dateutil-2.8.2.tar.gz", hash = "sha256:0123cacc1627ae19ddf3c27a5de5bd67ee4586fbdd6440d9748f8abb483d3e86"},
    {file = "python_dateutil-2.8.2-py2.py3-none-any.whl", hash = "sha256:961d03dc3453ebbc59dbdea9e4e11c5651520a876d0f4db161e8674aae935da9"},
]
pytz = [
    {file = "pytz-2021.1-py2.py3-none-any.whl", hash = "sha256:eb10ce3e7736052ed3623d49975ce333bcd712c7bb19a58b9e2089d4057d0798"},
    {file = "pytz-2021.1.tar.gz", hash = "sha256:83a4a90894bf38e243cf052c8b58f381bfe9a7a483f6a9cab140bc7f702ac4da"},
]
scikit-learn = [
    {file = "scikit-learn-0.24.2.tar.gz", hash = "sha256:d14701a12417930392cd3898e9646cf5670c190b933625ebe7511b1f7d7b8736"},
    {file = "scikit_learn-0.24.2-cp36-cp36m-macosx_10_13_x86_64.whl", hash = "sha256:d5bf9c863ba4717b3917b5227463ee06860fc43931dc9026747de416c0a10fee"},
    {file = "scikit_learn-0.24.2-cp36-cp36m-manylinux1_i686.whl", hash = "sha256:5beaeb091071625e83f5905192d8aecde65ba2f26f8b6719845bbf586f7a04a1"},
    {file = "scikit_learn-0.24.2-cp36-cp36m-manylinux1_x86_64.whl", hash = "sha256:06ffdcaaf81e2a3b1b50c3ac6842cfb13df2d8b737d61f64643ed61da7389cde"},
    {file = "scikit_learn-0.24.2-cp36-cp36m-manylinux2010_i686.whl", hash = "sha256:fec42690a2eb646b384eafb021c425fab48991587edb412d4db77acc358b27ce"},
    {file = "scikit_learn-0.24.2-cp36-cp36m-manylinux2010_x86_64.whl", hash = "sha256:5ff3e4e4cf7592d36541edec434e09fb8ab9ba6b47608c4ffe30c9038d301897"},
    {file = "scikit_learn-0.24.2-cp36-cp36m-manylinux2014_aarch64.whl", hash = "sha256:3cbd734e1aefc7c5080e6b6973fe062f97c26a1cdf1a991037ca196ce1c8f427"},
    {file = "scikit_learn-0.24.2-cp36-cp36m-win32.whl", hash = "sha256:f74429a07fedb36a03c159332b914e6de757176064f9fed94b5f79ebac07d913"},
    {file = "scikit_learn-0.24.2-cp36-cp36m-win_amd64.whl", hash = "sha256:dd968a174aa82f3341a615a033fa6a8169e9320cbb46130686562db132d7f1f0"},
    {file = "scikit_learn-0.24.2-cp37-cp37m-macosx_10_13_x86_64.whl", hash = "sha256:49ec0b1361da328da9bb7f1a162836028e72556356adeb53342f8fae6b450d47"},
    {file = "scikit_learn-0.24.2-cp37-cp37m-manylinux1_i686.whl", hash = "sha256:f18c3ed484eeeaa43a0d45dc2efb4d00fc6542ccdcfa2c45d7b635096a2ae534"},
    {file = "scikit_learn-0.24.2-cp37-cp37m-manylinux1_x86_64.whl", hash = "sha256:cdf24c1b9bbeb4936456b42ac5bd32c60bb194a344951acb6bfb0cddee5439a4"},
    {file = "scikit_learn-0.24.2-cp37-cp37m-manylinux2010_i686.whl", hash = "sha256:d177fe1ff47cc235942d628d41ee5b1c6930d8f009f1a451c39b5411e8d0d4cf"},
    {file = "scikit_learn-0.24.2-cp37-cp37m-manylinux2010_x86_64.whl", hash = "sha256:f3ec00f023d84526381ad0c0f2cff982852d035c921bbf8ceb994f4886c00c64"},
    {file = "scikit_learn-0.24.2-cp37-cp37m-manylinux2014_aarch64.whl", hash = "sha256:ae19ac105cf7ce8c205a46166992fdec88081d6e783ab6e38ecfbe45729f3c39"},
    {file = "scikit_learn-0.24.2-cp37-cp37m-win32.whl", hash = "sha256:f0ed4483c258fb23150e31b91ea7d25ff8495dba108aea0b0d4206a777705350"},
    {file = "scikit_learn-0.24.2-cp37-cp37m-win_amd64.whl", hash = "sha256:39b7e3b71bcb1fe46397185d6c1a5db1c441e71c23c91a31e7ad8cc3f7305f9a"},
    {file = "scikit_learn-0.24.2-cp38-cp38-macosx_10_13_x86_64.whl", hash = "sha256:90a297330f608adeb4d2e9786c6fda395d3150739deb3d42a86d9a4c2d15bc1d"},
    {file = "scikit_learn-0.24.2-cp38-cp38-manylinux1_i686.whl", hash = "sha256:f1d2108e770907540b5248977e4cff9ffaf0f73d0d13445ee938df06ca7579c6"},
    {file = "scikit_learn-0.24.2-cp38-cp38-manylinux1_x86_64.whl", hash = "sha256:1eec963fe9ffc827442c2e9333227c4d49749a44e592f305398c1db5c1563393"},
    {file = "scikit_learn-0.24.2-cp38-cp38-manylinux2010_i686.whl", hash = "sha256:2db429090b98045d71218a9ba913cc9b3fe78e0ba0b6b647d8748bc6d5a44080"},
    {file = "scikit_learn-0.24.2-cp38-cp38-manylinux2010_x86_64.whl", hash = "sha256:62214d2954377fcf3f31ec867dd4e436df80121e7a32947a0b3244f58f45e455"},
    {file = "scikit_learn-0.24.2-cp38-cp38-manylinux2014_aarch64.whl", hash = "sha256:8fac72b9688176922f9f54fda1ba5f7ffd28cbeb9aad282760186e8ceba9139a"},
    {file = "scikit_learn-0.24.2-cp38-cp38-win32.whl", hash = "sha256:ae426e3a52842c6b6d77d00f906b6031c8c2cfdfabd6af7511bb4bc9a68d720e"},
    {file = "scikit_learn-0.24.2-cp38-cp38-win_amd64.whl", hash = "sha256:038f4e9d6ef10e1f3fe82addc3a14735c299866eb10f2c77c090410904828312"},
    {file = "scikit_learn-0.24.2-cp39-cp39-macosx_10_13_x86_64.whl", hash = "sha256:48f273836e19901ba2beecd919f7b352f09310ce67c762f6e53bc6b81cacf1f0"},
    {file = "scikit_learn-0.24.2-cp39-cp39-manylinux1_i686.whl", hash = "sha256:a2a47449093dcf70babc930beba2ca0423cb7df2fa5fd76be5260703d67fa574"},
    {file = "scikit_learn-0.24.2-cp39-cp39-manylinux1_x86_64.whl", hash = "sha256:0e71ce9c7cbc20f6f8b860107ce15114da26e8675238b4b82b7e7cd37ca0c087"},
    {file = "scikit_learn-0.24.2-cp39-cp39-manylinux2010_i686.whl", hash = "sha256:2754c85b2287333f9719db7f23fb7e357f436deed512db3417a02bf6f2830aa5"},
    {file = "scikit_learn-0.24.2-cp39-cp39-manylinux2010_x86_64.whl", hash = "sha256:7be1b88c23cfac46e06404582215a917017cd2edaa2e4d40abe6aaff5458f24b"},
    {file = "scikit_learn-0.24.2-cp39-cp39-manylinux2014_aarch64.whl", hash = "sha256:4e6198675a6f9d333774671bd536668680eea78e2e81c0b19e57224f58d17f37"},
    {file = "scikit_learn-0.24.2-cp39-cp39-win32.whl", hash = "sha256:cbdb0b3db99dd1d5f69d31b4234367d55475add31df4d84a3bd690ef017b55e2"},
    {file = "scikit_learn-0.24.2-cp39-cp39-win_amd64.whl", hash = "sha256:40556bea1ef26ef54bc678d00cf138a63069144a0b5f3a436eecd8f3468b903e"},
]
scipy = [
    {file = "scipy-1.6.3-cp37-cp37m-macosx_10_9_x86_64.whl", hash = "sha256:2a799714bf1f791fb2650d73222b248d18d53fd40d6af2df2c898db048189606"},
    {file = "scipy-1.6.3-cp37-cp37m-manylinux1_i686.whl", hash = "sha256:9e3302149a369697c6aaea18b430b216e3c88f9a61b62869f6104881e5f9ef85"},
    {file = "scipy-1.6.3-cp37-cp37m-manylinux1_x86_64.whl", hash = "sha256:b79104878003487e2b4639a20b9092b02e1bad07fc4cf924b495cf413748a777"},
    {file = "scipy-1.6.3-cp37-cp37m-manylinux2014_aarch64.whl", hash = "sha256:44d452850f77e65e25b1eb1ac01e25770323a782bfe3a1a3e43847ad4266d93d"},
    {file = "scipy-1.6.3-cp37-cp37m-win32.whl", hash = "sha256:b30280fbc1fd8082ac822994a98632111810311a9ece71a0e48f739df3c555a2"},
    {file = "scipy-1.6.3-cp37-cp37m-win_amd64.whl", hash = "sha256:10dbcc7de03b8d635a1031cb18fd3eaa997969b64fdf78f99f19ac163a825445"},
    {file = "scipy-1.6.3-cp38-cp38-macosx_10_9_x86_64.whl", hash = "sha256:1b21c6e0dc97b1762590b70dee0daddb291271be0580384d39f02c480b78290a"},
    {file = "scipy-1.6.3-cp38-cp38-manylinux1_i686.whl", hash = "sha256:1caade0ede6967cc675e235c41451f9fb89ae34319ddf4740194094ab736b88d"},
    {file = "scipy-1.6.3-cp38-cp38-manylinux1_x86_64.whl", hash = "sha256:19aeac1ad3e57338723f4657ac8520f41714804568f2e30bd547d684d72c392e"},
    {file = "scipy-1.6.3-cp38-cp38-manylinux2014_aarch64.whl", hash = "sha256:ad7269254de06743fb4768f658753de47d8b54e4672c5ebe8612a007a088bd48"},
    {file = "scipy-1.6.3-cp38-cp38-win32.whl", hash = "sha256:d647757373985207af3343301d89fe738d5a294435a4f2aafb04c13b4388c896"},
    {file = "scipy-1.6.3-cp38-cp38-win_amd64.whl", hash = "sha256:33d1677d46111cfa1c84b87472a0274dde9ef4a7ef2e1f155f012f5f1e995d8f"},
    {file = "scipy-1.6.3-cp39-cp39-macosx_10_9_x86_64.whl", hash = "sha256:d449d40e830366b4c612692ad19fbebb722b6b847f78a7b701b1e0d6cda3cc13"},
    {file = "scipy-1.6.3-cp39-cp39-manylinux1_i686.whl", hash = "sha256:23995dfcf269ec3735e5a8c80cfceaf384369a47699df111a6246b83a55da582"},
    {file = "scipy-1.6.3-cp39-cp39-manylinux1_x86_64.whl", hash = "sha256:fdf606341cd798530b05705c87779606fcdfaf768a8129c348ea94441da15b04"},
    {file = "scipy-1.6.3-cp39-cp39-manylinux2014_aarch64.whl", hash = "sha256:f68eb46b86b2c246af99fcaa6f6e37c7a7a413e1084a794990b877f2ff71f7b6"},
    {file = "scipy-1.6.3-cp39-cp39-win32.whl", hash = "sha256:01b38dec7e9f897d4db04f8de4e20f0f5be3feac98468188a0f47a991b796055"},
    {file = "scipy-1.6.3-cp39-cp39-win_amd64.whl", hash = "sha256:3274ce145b5dc416c49c0cf8b6119f787f0965cd35e22058fe1932c09fe15d77"},
    {file = "scipy-1.6.3.tar.gz", hash = "sha256:a75b014d3294fce26852a9d04ea27b5671d86736beb34acdfc05859246260707"},
]
six = [
    {file = "six-1.16.0-py2.py3-none-any.whl", hash = "sha256:8abb2f1d86890a2dfb989f9a77cfcfd3e47c2a354b01111771326f8aa26e0254"},
    {file = "six-1.16.0.tar.gz", hash = "sha256:1e61c37477a1626458e36f7b1d82aa5c9b094fa4802892072e49de9c60c4c926"},
]
sklearn = [
    {file = "sklearn-0.0.tar.gz", hash = "sha256:e23001573aa194b834122d2b9562459bf5ae494a2d59ca6b8aa22c85a44c0e31"},
]
threadpoolctl = [
    {file = "threadpoolctl-2.2.0-py3-none-any.whl", hash = "sha256:e5a995e3ffae202758fa8a90082e35783b9370699627ae2733cd1c3a73553616"},
    {file = "threadpoolctl-2.2.0.tar.gz", hash = "sha256:86d4b6801456d780e94681d155779058759eaef3c3564758b17b6c99db5f81cb"},
]
wcwidth = [
    {file = "wcwidth-0.2.5-py2.py3-none-any.whl", hash = "sha256:beb4802a9cebb9144e99086eff703a642a13d6a0052920003a230f3294bbe784"},
    {file = "wcwidth-0.2.5.tar.gz", hash = "sha256:c4d647b99872929fdb7bdcaa4fbe7f01413ed3d98077df798530e5b04f116c83"},
]
